
Microsoft Visual Studio Solution File, Format Version 12.00
# Visual Studio Version 18
VisualStudioVersion = 18.3.11520.95
MinimumVisualStudioVersion = 10.0.40219.1
Project("{54A90642-561A-4BB1-A94E-469ADEE60C69}") = "recip-ez.client", "recip-ez.client\recip-ez.client.esproj", "{12F90BC5-6650-EA95-4706-9B77E8278F8A}"
EndProject
Project("{FAE04EC0-301F-11D3-BF4B-00C04F79EFBC}") = "Recip-EZ.Server", "Recip-EZ.Server\Recip-EZ.Server.csproj", "{494E28BA-4A11-4817-B0A2-73663DF3B9B3}"
EndProject
Project("{00D1A9C2-B5F0-4AF3-8072-F6C62B433612}") = "Recip-EZ_Database", "Recip-EZ_Database\Recip-EZ_Database.sqlproj", "{0B641A74-CBA5-4265-91F2-9A6E8F14376D}"
EndProject
Project("{FAE04EC0-301F-11D3-BF4B-00C04F79EFBC}") = "Recip-EZ.Tests", "Recip-EZ.Tests\Recip-EZ.Tests.csproj", "{78E7A4EA-B80B-4A44-8CFF-818DD712CFE4}"
EndProject
Global
	GlobalSection(SolutionConfigurationPlatforms) = preSolution
		Debug|Any CPU = Debug|Any CPU
		Release|Any CPU = Release|Any CPU
	EndGlobalSection
	GlobalSection(ProjectConfigurationPlatforms) = postSolution
		{12F90BC5-6650-EA95-4706-9B77E8278F8A}.Debug|Any CPU.ActiveCfg = Debug|Any CPU
		{12F90BC5-6650-EA95-4706-9B77E8278F8A}.Debug|Any CPU.Build.0 = Debug|Any CPU
		{12F90BC5-6650-EA95-4706-9B77E8278F8A}.Debug|Any CPU.Deploy.0 = Debug|Any CPU
		{12F90BC5-6650-EA95-4706-9B77E8278F8A}.Release|Any CPU.ActiveCfg = Release|Any CPU
		{12F90BC5-6650-EA95-4706-9B77E8278F8A}.Release|Any CPU.Build.0 = Release|Any CPU
		{12F90BC5-6650-EA95-4706-9B77E8278F8A}.Release|Any CPU.Deploy.0 = Release|Any CPU
		{494E28BA-4A11-4817-B0A2-73663DF3B9B3}.Debug|Any CPU.ActiveCfg = Debug|Any CPU
		{494E28BA-4A11-4817-B0A2-73663DF3B9B3}.Debug|Any CPU.Build.0 = Debug|Any CPU
		{494E28BA-4A11-4817-B0A2-73663DF3B9B3}.Release|Any CPU.ActiveCfg = Release|Any CPU
		{494E28BA-4A11-4817-B0A2-73663DF3B9B3}.Release|Any CPU.Build.0 = Release|Any CPU
		{0B641A74-CBA5-4265-91F2-9A6E8F14376D}.Debug|Any CPU.ActiveCfg = Debug|Any CPU
		{0B641A74-CBA5-4265-91F2-9A6E8F14376D}.Debug|Any CPU.Build.0 = Debug|Any CPU
		{0B641A74-CBA5-4265-91F2-9A6E8F14376D}.Debug|Any CPU.Deploy.0 = Debug|Any CPU
		{0B641A74-CBA5-4265-91F2-9A6E8F14376D}.Release|Any CPU.ActiveCfg = Release|Any CPU
		{0B641A74-CBA5-4265-91F2-9A6E8F14376D}.Release|Any CPU.Build.0 = Release|Any CPU
		{0B641A74-CBA5-4265-91F2-9A6E8F14376D}.Release|Any CPU.Deploy.0 = Release|Any CPU
		{78E7A4EA-B80B-4A44-8CFF-818DD712CFE4}.Debug|Any CPU.ActiveCfg = Debug|Any CPU
		{78E7A4EA-B80B-4A44-8CFF-818DD712CFE4}.Debug|Any CPU.Build.0 = Debug|Any CPU
		{78E7A4EA-B80B-4A44-8CFF-818DD712CFE4}.Release|Any CPU.ActiveCfg = Release|Any CPU
		{78E7A4EA-B80B-4A44-8CFF-818DD712CFE4}.Release|Any CPU.Build.0 = Release|Any CPU
	EndGlobalSection
	GlobalSection(SolutionProperties) = preSolution
		HideSolutionNode = FALSE
	EndGlobalSection
	GlobalSection(ExtensibilityGlobals) = postSolution
		SolutionGuid = {19A20194-3D6B-4E2D-A12C-FD0A9DB59DEE}
	EndGlobalSection
EndGlobal
